
Microsoft Visual Studio Solution File, Format Version 12.00
# Visual Studio Version 16
VisualStudioVersion = 16.0.29326.143
MinimumVisualStudioVersion = 10.0.40219.1
Project("{FAE04EC0-301F-11D3-BF4B-00C04F79EFBC}") = "4-Method", "4-Method\4-Method.csproj", "{602431D2-8CCD-4FAE-A62A-30F2F36928D4}"
EndProject
Global
	GlobalSection(SolutionConfigurationPlatforms) = preSolution
		Debug|Any CPU = Debug|Any CPU
		Release|Any CPU = Release|Any CPU
	EndGlobalSection
	GlobalSection(ProjectConfigurationPlatforms) = postSolution
		{602431D2-8CCD-4FAE-A62A-30F2F36928D4}.Debug|Any CPU.ActiveCfg = Debug|Any CPU
		{602431D2-8CCD-4FAE-A62A-30F2F36928D4}.Debug|Any CPU.Build.0 = Debug|Any CPU
		{602431D2-8CCD-4FAE-A62A-30F2F36928D4}.Release|Any CPU.ActiveCfg = Release|Any CPU
		{602431D2-8CCD-4FAE-A62A-30F2F36928D4}.Release|Any CPU.Build.0 = Release|Any CPU
	EndGlobalSection
	GlobalSection(SolutionProperties) = preSolution
		HideSolutionNode = FALSE
	EndGlobalSection
	GlobalSection(ExtensibilityGlobals) = postSolution
		SolutionGuid = {2868894D-C228-4B47-B122-32DA82868A95}
	EndGlobalSection
EndGlobal
